version = 1
revision = 3
requires-python = ">=3.8"
resolution-markers = [
    "python_full_version >= '3.9'",
    "python_full_version >= '3.8.1' and python_full_version < '3.9'",
    "python_full_version < '3.8.1'",
]

[[package]]
name = "cli-ui"
version = "0.17.2"
source = { registry = "https://pypi.org/simple" }
resolution-markers = [
    "python_full_version < '3.8.1'",
]
dependencies = [
    { name = "colorama", marker = "python_full_version < '3.8.1'" },
    { name = "tabulate", version = "0.8.10", source = { registry = "https://pypi.org/simple" }, marker = "python_full_version < '3.8.1'" },
    { name = "unidecode", marker = "python_full_version < '3.8.1'" },
]
sdist = { url = "https://files.pythonhosted.org/packages/ec/46/92401c78c4fe36529393879c09fa00ff7b6c4d72807f4010a79e762eafca/cli-ui-0.17.2.tar.gz", hash = "sha256:2f67e50cf474e76ad160c3e660bbad98bf8b8dfb8d847765f3a261b7e13c05fa", size = 13366, upload-time = "2022-08-28T13:41:41.324Z" }
wheels = [
    { url = "https://files.pythonhosted.org/packages/3e/97/7c2e6396bfe56c8dd10de04a1c4a82c6b3ee77d468862f588ac51ea1ebad/cli_ui-0.17.2-py3-none-any.whl", hash = "sha256:6a1ebdbbcd83a0fa06b2f63f4434082a3ba8664aebedd91f1ff86b9e4289d53e", size = 13222, upload-time = "2022-08-28T13:41:43.129Z" },
]

[[package]]
name = "cli-ui"
version = "0.18.0"
source = { registry = "https://pypi.org/simple" }
resolution-markers = [
    "python_full_version >= '3.8.1' and python_full_version < '3.9'",
]
dependencies = [
    { name = "colorama", marker = "python_full_version >= '3.8.1' and python_full_version < '3.9'" },
    { name = "tabulate", version = "0.9.0", source = { registry = "https://pypi.org/simple" }, marker = "python_full_version >= '3.8.1' and python_full_version < '3.9'" },
    { name = "unidecode", marker = "python_full_version >= '3.8.1' and python_full_version < '3.9'" },
]
sdist = { url = "https://files.pythonhosted.org/packages/26/a9/b44b1048064206e9ceceffb7ce38aa2432dbf79bd13d45da8a1452a2e3db/cli_ui-0.18.0.tar.gz", hash = "sha256:3e6c80ada5b4b09c6701ca93daf31df8b70486c64348d1fc7f3288ef3bd0479c", size = 13012, upload-time = "2024-12-11T13:40:11.804Z" }
wheels = [
    { url = "https://files.pythonhosted.org/packages/24/07/167c0ccdcf220613872ca25c50d6006b841c2aac21f0274d4f9e4b80769a/cli_ui-0.18.0-py3-none-any.whl", hash = "sha256:8d9484586d8eaba9f94aebaa12aa876fabdf1a3a50bdca113b2cb739eeaf78fa", size = 13401, upload-time = "2024-12-11T13:40:10.379Z" },
]

[[package]]
name = "cli-ui"
version = "0.19.0"
source = { registry = "https://pypi.org/simple" }
resolution-markers = [
    "python_full_version >= '3.9'",
]
dependencies = [
    { name = "colorama", marker = "python_full_version >= '3.9'" },
    { name = "tabulate", version = "0.9.0", source = { registry = "https://pypi.org/simple" }, marker = "python_full_version >= '3.9'" },
    { name = "unidecode", marker = "python_full_version >= '3.9'" },
]
sdist = { url = "https://files.pythonhosted.org/packages/21/63/70d8fefa7b4140367c45287b94fb5df535b6ba6f77464087b18fdae2bb47/cli_ui-0.19.0.tar.gz", hash = "sha256:59cdab0c6a2a6703c61b31cb75a1943076888907f015fffe15c5a8eb41a933aa", size = 12808, upload-time = "2025-03-29T20:24:37.486Z" }
wheels = [
    { url = "https://files.pythonhosted.org/packages/c6/a9/09591cff626f71bd11f88d8eedb81619c17422b4a5e778614a91e83c4b6a/cli_ui-0.19.0-py3-none-any.whl", hash = "sha256:1cf1b93328f7377730db29507e10bcb29ccc1427ceef45714b522d1f2055e7cd", size = 13492, upload-time = "2025-03-29T20:24:35.841Z" },
]

[[package]]
name = "cmtk"
source = { editable = "." }

[package.dev-dependencies]
dev = [
    { name = "tbump" },
]

[package.metadata]

[package.metadata.requires-dev]
dev = [{ name = "tbump", specifier = ">=6.10.0" }]

[[package]]
name = "colorama"
version = "0.4.6"
source = { registry = "https://pypi.org/simple" }
sdist = { url = "https://files.pythonhosted.org/packages/d8/53/6f443c9a4a8358a93a6792e2acffb9d9d5cb0a5cfd8802644b7b1c9a02e4/colorama-0.4.6.tar.gz", hash = "sha256:08695f5cb7ed6e0531a20572697297273c47b8cae5a63ffc6d6ed5c201be6e44", size = 27697, upload-time = "2022-10-25T02:36:22.414Z" }
wheels = [
    { url = "https://files.pythonhosted.org/packages/d1/d6/3965ed04c63042e047cb6a3e6ed1a63a35087b6a609aa3a15ed8ac56c221/colorama-0.4.6-py2.py3-none-any.whl", hash = "sha256:4f1d9991f5acc0ca119f9d443620b77f9d6b33703e51011c16baf57afb285fc6", size = 25335, upload-time = "2022-10-25T02:36:20.889Z" },
]

[[package]]
name = "docopt"
version = "0.6.2"
source = { registry = "https://pypi.org/simple" }
sdist = { url = "https://files.pythonhosted.org/packages/a2/55/8f8cab2afd404cf578136ef2cc5dfb50baa1761b68c9da1fb1e4eed343c9/docopt-0.6.2.tar.gz", hash = "sha256:49b3a825280bd66b3aa83585ef59c4a8c82f2c8a522dbe754a8bc8d08c85c491", size = 25901, upload-time = "2014-06-16T11:18:57.406Z" }

[[package]]
name = "schema"
version = "0.7.8"
source = { registry = "https://pypi.org/simple" }
sdist = { url = "https://files.pythonhosted.org/packages/fb/2e/8da627b65577a8f130fe9dfa88ce94fcb24b1f8b59e0fc763ee61abef8b8/schema-0.7.8.tar.gz", hash = "sha256:e86cc08edd6fe6e2522648f4e47e3a31920a76e82cce8937535422e310862ab5", size = 45540, upload-time = "2025-10-11T13:15:40.281Z" }
wheels = [
    { url = "https://files.pythonhosted.org/packages/c9/75/aad85817266ac5285c93391711d231ca63e9ae7d42cd3ca37549e24ebe52/schema-0.7.8-py2.py3-none-any.whl", hash = "sha256:00bd977fadc7d9521bf289850cd8a8aa5f4948f575476b8daaa5c1b57af2dce1", size = 19108, upload-time = "2025-10-11T17:13:07.323Z" },
]

[[package]]
name = "tabulate"
version = "0.8.10"
source = { registry = "https://pypi.org/simple" }
resolution-markers = [
    "python_full_version < '3.8.1'",
]
sdist = { url = "https://files.pythonhosted.org/packages/7a/53/afac341569b3fd558bf2b5428e925e2eb8753ad9627c1f9188104c6e0c4a/tabulate-0.8.10.tar.gz", hash = "sha256:6c57f3f3dd7ac2782770155f3adb2db0b1a269637e42f27599925e64b114f519", size = 60154, upload-time = "2022-06-21T16:26:42.76Z" }
wheels = [
    { url = "https://files.pythonhosted.org/packages/92/4e/e5a13fdb3e6f81ce11893523ff289870c87c8f1f289a7369fb0e9840c3bb/tabulate-0.8.10-py3-none-any.whl", hash = "sha256:0ba055423dbaa164b9e456abe7920c5e8ed33fcc16f6d1b2f2d152c8e1e8b4fc", size = 29068, upload-time = "2022-06-21T16:26:37.943Z" },
]

[[package]]
name = "tabulate"
version = "0.9.0"
source = { registry = "https://pypi.org/simple" }
resolution-markers = [
    "python_full_version >= '3.9'",
    "python_full_version >= '3.8.1' and python_full_version < '3.9'",
]
sdist = { url = "https://files.pythonhosted.org/packages/ec/fe/802052aecb21e3797b8f7902564ab6ea0d60ff8ca23952079064155d1ae1/tabulate-0.9.0.tar.gz", hash = "sha256:0095b12bf5966de529c0feb1fa08671671b3368eec77d7ef7ab114be2c068b3c", size = 81090, upload-time = "2022-10-06T17:21:48.54Z" }
wheels = [
    { url = "https://files.pythonhosted.org/packages/40/44/4a5f08c96eb108af5cb50b41f76142f0afa346dfa99d5296fe7202a11854/tabulate-0.9.0-py3-none-any.whl", hash = "sha256:024ca478df22e9340661486f85298cff5f6dcdba14f3813e8830015b9ed1948f", size = 35252, upload-time = "2022-10-06T17:21:44.262Z" },
]

[[package]]
name = "tbump"
version = "6.11.0"
source = { registry = "https://pypi.org/simple" }
dependencies = [
    { name = "cli-ui", version = "0.17.2", source = { registry = "https://pypi.org/simple" }, marker = "python_full_version < '3.8.1'" },
    { name = "cli-ui", version = "0.18.0", source = { registry = "https://pypi.org/simple" }, marker = "python_full_version >= '3.8.1' and python_full_version < '3.9'" },
    { name = "cli-ui", version = "0.19.0", source = { registry = "https://pypi.org/simple" }, marker = "python_full_version >= '3.9'" },
    { name = "docopt" },
    { name = "schema" },
    { name = "tomlkit" },
]
sdist = { url = "https://files.pythonhosted.org/packages/ab/1f/d02379532311192521a20b3597dc0f01bd37596e950a6cb40795ae9acb94/tbump-6.11.0.tar.gz", hash = "sha256:385e710eedf0a8a6ff959cf1e9f3cfd17c873617132fc0ec5f629af0c355c870", size = 28642, upload-time = "2023-09-09T11:22:59.039Z" }
wheels = [
    { url = "https://files.pythonhosted.org/packages/48/41/c21994a64efe86ed81c1a0935aeec840548839a37a7f3716f74a75e54fc2/tbump-6.11.0-py3-none-any.whl", hash = "sha256:6b181fe6f3ae84ce0b9af8cc2009a8bca41ded34e73f623a7413b9684f1b4526", size = 35607, upload-time = "2023-09-09T11:22:56.581Z" },
]

[[package]]
name = "tomlkit"
version = "0.11.8"
source = { registry = "https://pypi.org/simple" }
sdist = { url = "https://files.pythonhosted.org/packages/10/37/dd53019ccb72ef7d73fff0bee9e20b16faff9658b47913a35d79e89978af/tomlkit-0.11.8.tar.gz", hash = "sha256:9330fc7faa1db67b541b28e62018c17d20be733177d290a13b24c62d1614e0c3", size = 188825, upload-time = "2023-04-27T10:39:21.201Z" }
wheels = [
    { url = "https://files.pythonhosted.org/packages/ef/a8/b1c193be753c02e2a94af6e37ee45d3378a74d44fe778c2434a63af92731/tomlkit-0.11.8-py3-none-any.whl", hash = "sha256:8c726c4c202bdb148667835f68d68780b9a003a9ec34167b6c673b38eff2a171", size = 35807, upload-time = "2023-04-27T10:39:19.629Z" },
]

[[package]]
name = "unidecode"
version = "1.4.0"
source = { registry = "https://pypi.org/simple" }
sdist = { url = "https://files.pythonhosted.org/packages/94/7d/a8a765761bbc0c836e397a2e48d498305a865b70a8600fd7a942e85dcf63/Unidecode-1.4.0.tar.gz", hash = "sha256:ce35985008338b676573023acc382d62c264f307c8f7963733405add37ea2b23", size = 200149, upload-time = "2025-04-24T08:45:03.798Z" }
wheels = [
    { url = "https://files.pythonhosted.org/packages/8f/b7/559f59d57d18b44c6d1250d2eeaa676e028b9c527431f5d0736478a73ba1/Unidecode-1.4.0-py3-none-any.whl", hash = "sha256:c3c7606c27503ad8d501270406e345ddb480a7b5f38827eafe4fa82a137f0021", size = 235837, upload-time = "2025-04-24T08:45:01.609Z" },
]
